
Microsoft Visual Studio Solution File, Format Version 12.00
# Visual Studio Version 17
VisualStudioVersion = 17.8.34330.188
MinimumVisualStudioVersion = 10.0.40219.1
Project("{FAE04EC0-301F-11D3-BF4B-00C04F79EFBC}") = "Course2NetSharp", "Course2NetSharp.csproj", "{89960F44-35A6-47F4-A078-5709051A5661}"
EndProject
Global
	GlobalSection(SolutionConfigurationPlatforms) = preSolution
		Debug|Any CPU = Debug|Any CPU
		Release|Any CPU = Release|Any CPU
	EndGlobalSection
	GlobalSection(ProjectConfigurationPlatforms) = postSolution
		{89960F44-35A6-47F4-A078-5709051A5661}.Debug|Any CPU.ActiveCfg = Debug|Any CPU
		{89960F44-35A6-47F4-A078-5709051A5661}.Debug|Any CPU.Build.0 = Debug|Any CPU
		{89960F44-35A6-47F4-A078-5709051A5661}.Release|Any CPU.ActiveCfg = Release|Any CPU
		{89960F44-35A6-47F4-A078-5709051A5661}.Release|Any CPU.Build.0 = Release|Any CPU
	EndGlobalSection
	GlobalSection(SolutionProperties) = preSolution
		HideSolutionNode = FALSE
	EndGlobalSection
	GlobalSection(ExtensibilityGlobals) = postSolution
		SolutionGuid = {6BA8B43D-82AC-4865-8AC9-18EA389FE536}
	EndGlobalSection
EndGlobal
